
Microsoft Visual Studio Solution File, Format Version 12.00
# Visual Studio Version 17
VisualStudioVersion = 17.3.32811.315
MinimumVisualStudioVersion = 10.0.40219.1
Project("{FAE04EC0-301F-11D3-BF4B-00C04F79EFBC}") = "SCCS0006_Converter", "SCCS0006_Converter.csproj", "{E276F448-02DF-4E6B-A958-638184CBE27E}"
EndProject
Global
	GlobalSection(SolutionConfigurationPlatforms) = preSolution
		Debug|Any CPU = Debug|Any CPU
		Release|Any CPU = Release|Any CPU
	EndGlobalSection
	GlobalSection(ProjectConfigurationPlatforms) = postSolution
		{E276F448-02DF-4E6B-A958-638184CBE27E}.Debug|Any CPU.ActiveCfg = Debug|Any CPU
		{E276F448-02DF-4E6B-A958-638184CBE27E}.Debug|Any CPU.Build.0 = Debug|Any CPU
		{E276F448-02DF-4E6B-A958-638184CBE27E}.Release|Any CPU.ActiveCfg = Release|Any CPU
		{E276F448-02DF-4E6B-A958-638184CBE27E}.Release|Any CPU.Build.0 = Release|Any CPU
	EndGlobalSection
	GlobalSection(SolutionProperties) = preSolution
		HideSolutionNode = FALSE
	EndGlobalSection
	GlobalSection(ExtensibilityGlobals) = postSolution
		SolutionGuid = {DA9287B7-0F75-4A08-BA9E-FD31DC723322}
	EndGlobalSection
EndGlobal
