
Microsoft Visual Studio Solution File, Format Version 12.00
# Visual Studio Version 17
VisualStudioVersion = 17.3.32811.315
MinimumVisualStudioVersion = 10.0.40219.1
Project("{9A19103F-16F7-4668-BE54-9A1E7A4F7556}") = "SCCS0006_Converter", "SCCS0006_Converter\SCCS0006_Converter.csproj", "{644531CA-CDD7-4953-B5EE-5E1A2C6E6926}"
EndProject
Project("{9A19103F-16F7-4668-BE54-9A1E7A4F7556}") = "SCCS0006_avaregeOfTwo", "SCCS0006_avaregeOfTwo\SCCS0006_avaregeOfTwo.csproj", "{8CC5B8A8-A903-43BA-9429-516092D31B0E}"
EndProject
Project("{9A19103F-16F7-4668-BE54-9A1E7A4F7556}") = "SCCS0006_SumAndProduct", "SCCS0006_SumAndProduct\SCCS0006_SumAndProduct.csproj", "{AA5CD69F-F732-4032-BD2D-29C1BBD5738B}"
EndProject
Global
	GlobalSection(SolutionConfigurationPlatforms) = preSolution
		Debug|Any CPU = Debug|Any CPU
		Release|Any CPU = Release|Any CPU
	EndGlobalSection
	GlobalSection(ProjectConfigurationPlatforms) = postSolution
		{644531CA-CDD7-4953-B5EE-5E1A2C6E6926}.Debug|Any CPU.ActiveCfg = Debug|Any CPU
		{644531CA-CDD7-4953-B5EE-5E1A2C6E6926}.Debug|Any CPU.Build.0 = Debug|Any CPU
		{644531CA-CDD7-4953-B5EE-5E1A2C6E6926}.Release|Any CPU.ActiveCfg = Release|Any CPU
		{644531CA-CDD7-4953-B5EE-5E1A2C6E6926}.Release|Any CPU.Build.0 = Release|Any CPU
		{8CC5B8A8-A903-43BA-9429-516092D31B0E}.Debug|Any CPU.ActiveCfg = Debug|Any CPU
		{8CC5B8A8-A903-43BA-9429-516092D31B0E}.Debug|Any CPU.Build.0 = Debug|Any CPU
		{8CC5B8A8-A903-43BA-9429-516092D31B0E}.Release|Any CPU.ActiveCfg = Release|Any CPU
		{8CC5B8A8-A903-43BA-9429-516092D31B0E}.Release|Any CPU.Build.0 = Release|Any CPU
		{AA5CD69F-F732-4032-BD2D-29C1BBD5738B}.Debug|Any CPU.ActiveCfg = Debug|Any CPU
		{AA5CD69F-F732-4032-BD2D-29C1BBD5738B}.Debug|Any CPU.Build.0 = Debug|Any CPU
		{AA5CD69F-F732-4032-BD2D-29C1BBD5738B}.Release|Any CPU.ActiveCfg = Release|Any CPU
		{AA5CD69F-F732-4032-BD2D-29C1BBD5738B}.Release|Any CPU.Build.0 = Release|Any CPU
	EndGlobalSection
	GlobalSection(SolutionProperties) = preSolution
		HideSolutionNode = FALSE
	EndGlobalSection
	GlobalSection(ExtensibilityGlobals) = postSolution
		SolutionGuid = {41103302-31DB-49BE-96E2-C6EEFE017330}
	EndGlobalSection
EndGlobal
