
Microsoft Visual Studio Solution File, Format Version 12.00
# Visual Studio Version 17
VisualStudioVersion = 17.3.32811.315
MinimumVisualStudioVersion = 10.0.40219.1
Project("{FAE04EC0-301F-11D3-BF4B-00C04F79EFBC}") = "SCCS0001_DataTypes", "SCCS0001_DataTypes.csproj", "{C621127E-C4BF-409B-8247-E6AE7FA284BC}"
EndProject
Global
	GlobalSection(SolutionConfigurationPlatforms) = preSolution
		Debug|Any CPU = Debug|Any CPU
		Release|Any CPU = Release|Any CPU
	EndGlobalSection
	GlobalSection(ProjectConfigurationPlatforms) = postSolution
		{C621127E-C4BF-409B-8247-E6AE7FA284BC}.Debug|Any CPU.ActiveCfg = Debug|Any CPU
		{C621127E-C4BF-409B-8247-E6AE7FA284BC}.Debug|Any CPU.Build.0 = Debug|Any CPU
		{C621127E-C4BF-409B-8247-E6AE7FA284BC}.Release|Any CPU.ActiveCfg = Release|Any CPU
		{C621127E-C4BF-409B-8247-E6AE7FA284BC}.Release|Any CPU.Build.0 = Release|Any CPU
	EndGlobalSection
	GlobalSection(SolutionProperties) = preSolution
		HideSolutionNode = FALSE
	EndGlobalSection
	GlobalSection(ExtensibilityGlobals) = postSolution
		SolutionGuid = {8FF77BC8-1683-4974-A0F3-E61A60ECEB15}
	EndGlobalSection
EndGlobal
