
Microsoft Visual Studio Solution File, Format Version 12.00
# Visual Studio Version 17
VisualStudioVersion = 17.3.32901.215
MinimumVisualStudioVersion = 10.0.40219.1
Project("{FAE04EC0-301F-11D3-BF4B-00C04F79EFBC}") = "WriteToConsole", "WriteToConsole\WriteToConsole.csproj", "{BC850279-CB5E-4722-B86B-71B5C5A77D1E}"
EndProject
Project("{FAE04EC0-301F-11D3-BF4B-00C04F79EFBC}") = "DrawRectangleToConsole", "DrawRectangleToConsole\DrawRectangleToConsole.csproj", "{E970662D-D67A-4CE2-AAF0-1E2225B8E4F4}"
EndProject
Project("{FAE04EC0-301F-11D3-BF4B-00C04F79EFBC}") = "RandonArray", "RandonArray\RandonArray.csproj", "{BFF6A9D6-51BC-4AB5-ADED-316916BFCFEC}"
EndProject
Global
	GlobalSection(SolutionConfigurationPlatforms) = preSolution
		Debug|Any CPU = Debug|Any CPU
		Release|Any CPU = Release|Any CPU
	EndGlobalSection
	GlobalSection(ProjectConfigurationPlatforms) = postSolution
		{BC850279-CB5E-4722-B86B-71B5C5A77D1E}.Debug|Any CPU.ActiveCfg = Debug|Any CPU
		{BC850279-CB5E-4722-B86B-71B5C5A77D1E}.Debug|Any CPU.Build.0 = Debug|Any CPU
		{BC850279-CB5E-4722-B86B-71B5C5A77D1E}.Release|Any CPU.ActiveCfg = Release|Any CPU
		{BC850279-CB5E-4722-B86B-71B5C5A77D1E}.Release|Any CPU.Build.0 = Release|Any CPU
		{E970662D-D67A-4CE2-AAF0-1E2225B8E4F4}.Debug|Any CPU.ActiveCfg = Debug|Any CPU
		{E970662D-D67A-4CE2-AAF0-1E2225B8E4F4}.Debug|Any CPU.Build.0 = Debug|Any CPU
		{E970662D-D67A-4CE2-AAF0-1E2225B8E4F4}.Release|Any CPU.ActiveCfg = Release|Any CPU
		{E970662D-D67A-4CE2-AAF0-1E2225B8E4F4}.Release|Any CPU.Build.0 = Release|Any CPU
		{BFF6A9D6-51BC-4AB5-ADED-316916BFCFEC}.Debug|Any CPU.ActiveCfg = Debug|Any CPU
		{BFF6A9D6-51BC-4AB5-ADED-316916BFCFEC}.Debug|Any CPU.Build.0 = Debug|Any CPU
		{BFF6A9D6-51BC-4AB5-ADED-316916BFCFEC}.Release|Any CPU.ActiveCfg = Release|Any CPU
		{BFF6A9D6-51BC-4AB5-ADED-316916BFCFEC}.Release|Any CPU.Build.0 = Release|Any CPU
	EndGlobalSection
	GlobalSection(SolutionProperties) = preSolution
		HideSolutionNode = FALSE
	EndGlobalSection
	GlobalSection(ExtensibilityGlobals) = postSolution
		SolutionGuid = {D0262E3A-88FB-4849-836D-A3775337024C}
	EndGlobalSection
EndGlobal
